
Microsoft Visual Studio Solution File, Format Version 12.00
Project("{FAE04EC0-301F-11D3-BF4B-00C04F79EFBC}") = "QuickRestart", "QuickRestart.csproj", "{365647DA-5A52-4606-8B40-4A3352873585}"
EndProject
Global
	GlobalSection(SolutionConfigurationPlatforms) = preSolution
		Debug|Any CPU = Debug|Any CPU
		ExportDebug|Any CPU = ExportDebug|Any CPU
		ExportRelease|Any CPU = ExportRelease|Any CPU
	EndGlobalSection
	GlobalSection(ProjectConfigurationPlatforms) = postSolution
		{365647DA-5A52-4606-8B40-4A3352873585}.Debug|Any CPU.ActiveCfg = Debug|Any CPU
		{365647DA-5A52-4606-8B40-4A3352873585}.Debug|Any CPU.Build.0 = Debug|Any CPU
		{365647DA-5A52-4606-8B40-4A3352873585}.ExportDebug|Any CPU.ActiveCfg = ExportDebug|Any CPU
		{365647DA-5A52-4606-8B40-4A3352873585}.ExportDebug|Any CPU.Build.0 = ExportDebug|Any CPU
		{365647DA-5A52-4606-8B40-4A3352873585}.ExportRelease|Any CPU.ActiveCfg = ExportRelease|Any CPU
		{365647DA-5A52-4606-8B40-4A3352873585}.ExportRelease|Any CPU.Build.0 = ExportRelease|Any CPU
	EndGlobalSection
EndGlobal
